
Microsoft Visual Studio Solution File, Format Version 12.00
# Visual Studio Version 17
VisualStudioVersion = 17.4.33205.214
MinimumVisualStudioVersion = 10.0.40219.1
Project("{2150E333-8FDC-42A3-9474-1A3956D46DE8}") = "Common", "Common", "{0F243E86-A894-4B1B-8D04-EF8C535ADA34}"
EndProject
Project("{2150E333-8FDC-42A3-9474-1A3956D46DE8}") = "Shop", "Shop", "{08C06ECC-C311-45CA-9C0C-386D795E41C3}"
EndProject
Project("{9A19103F-16F7-4668-BE54-9A1E7A4F7556}") = "Common.Application", "Common\Common.Application\Common.Application.csproj", "{DC855822-678F-44BC-851A-642C02C1AA2B}"
EndProject
Project("{9A19103F-16F7-4668-BE54-9A1E7A4F7556}") = "Common.Domain", "Common\Common.Domain\Common.Domain.csproj", "{FB3B4022-9B70-4132-BBEB-B39FF2D95BEF}"
EndProject
Project("{9A19103F-16F7-4668-BE54-9A1E7A4F7556}") = "Common.Query", "Common\Common.Query\Common.Query.csproj", "{23356675-8ACB-495B-8F5B-361D4A1D653A}"
EndProject
Project("{9A19103F-16F7-4668-BE54-9A1E7A4F7556}") = "Shop.Domain", "Shop\Shop.Domain\Shop.Domain.csproj", "{EF121BD5-90DD-4F77-A8CF-358B095E229C}"
EndProject
Project("{9A19103F-16F7-4668-BE54-9A1E7A4F7556}") = "Shop.Application", "Shop\Shop.Application\Shop.Application.csproj", "{82CAB29D-A908-47A5-BF50-574427613B6D}"
EndProject
Project("{9A19103F-16F7-4668-BE54-9A1E7A4F7556}") = "Shop.Query", "Shop\Shop.Query\Shop.Query.csproj", "{05A74B8A-8DE9-45F9-9133-74EEDD14EBAE}"
EndProject
Project("{9A19103F-16F7-4668-BE54-9A1E7A4F7556}") = "Shop.Config", "Shop\Shop.Config\Shop.Config.csproj", "{4F2E15A3-3504-4738-9B98-8F801DBF8318}"
EndProject
Project("{9A19103F-16F7-4668-BE54-9A1E7A4F7556}") = "Shop.Infrastructure", "Shop\Shop.Infrastructure\Shop.Infrastructure.csproj", "{4E8333C7-2737-408D-A760-3D647040F6F1}"
EndProject
Project("{9A19103F-16F7-4668-BE54-9A1E7A4F7556}") = "Shop.Presentation.Facade", "Shop\Shop.Presentation.Facade\Shop.Presentation.Facade.csproj", "{AC6843BF-95B1-4899-9378-1C2FB7A68E2D}"
EndProject
Project("{2150E333-8FDC-42A3-9474-1A3956D46DE8}") = "EndPoints", "EndPoints", "{66C7F469-32C6-43A8-8E49-1B3297119987}"
EndProject
Project("{9A19103F-16F7-4668-BE54-9A1E7A4F7556}") = "Shop.Api", "Shop\EndPoints\Shop.Api\Shop.Api.csproj", "{F7CEA1C4-ABE8-4FA2-9B40-9ABC07556FDC}"
EndProject
Project("{9A19103F-16F7-4668-BE54-9A1E7A4F7556}") = "Common.AspNetCore", "Common\Common.AspNetCore\Common.AspNetCore.csproj", "{BFAFF1CF-8EE8-458F-AF19-6B7B18D14308}"
EndProject
Global
	GlobalSection(SolutionConfigurationPlatforms) = preSolution
		Debug|Any CPU = Debug|Any CPU
		Release|Any CPU = Release|Any CPU
	EndGlobalSection
	GlobalSection(ProjectConfigurationPlatforms) = postSolution
		{DC855822-678F-44BC-851A-642C02C1AA2B}.Debug|Any CPU.ActiveCfg = Debug|Any CPU
		{DC855822-678F-44BC-851A-642C02C1AA2B}.Debug|Any CPU.Build.0 = Debug|Any CPU
		{DC855822-678F-44BC-851A-642C02C1AA2B}.Release|Any CPU.ActiveCfg = Release|Any CPU
		{DC855822-678F-44BC-851A-642C02C1AA2B}.Release|Any CPU.Build.0 = Release|Any CPU
		{FB3B4022-9B70-4132-BBEB-B39FF2D95BEF}.Debug|Any CPU.ActiveCfg = Debug|Any CPU
		{FB3B4022-9B70-4132-BBEB-B39FF2D95BEF}.Debug|Any CPU.Build.0 = Debug|Any CPU
		{FB3B4022-9B70-4132-BBEB-B39FF2D95BEF}.Release|Any CPU.ActiveCfg = Release|Any CPU
		{FB3B4022-9B70-4132-BBEB-B39FF2D95BEF}.Release|Any CPU.Build.0 = Release|Any CPU
		{23356675-8ACB-495B-8F5B-361D4A1D653A}.Debug|Any CPU.ActiveCfg = Debug|Any CPU
		{23356675-8ACB-495B-8F5B-361D4A1D653A}.Debug|Any CPU.Build.0 = Debug|Any CPU
		{23356675-8ACB-495B-8F5B-361D4A1D653A}.Release|Any CPU.ActiveCfg = Release|Any CPU
		{23356675-8ACB-495B-8F5B-361D4A1D653A}.Release|Any CPU.Build.0 = Release|Any CPU
		{EF121BD5-90DD-4F77-A8CF-358B095E229C}.Debug|Any CPU.ActiveCfg = Debug|Any CPU
		{EF121BD5-90DD-4F77-A8CF-358B095E229C}.Debug|Any CPU.Build.0 = Debug|Any CPU
		{EF121BD5-90DD-4F77-A8CF-358B095E229C}.Release|Any CPU.ActiveCfg = Release|Any CPU
		{EF121BD5-90DD-4F77-A8CF-358B095E229C}.Release|Any CPU.Build.0 = Release|Any CPU
		{82CAB29D-A908-47A5-BF50-574427613B6D}.Debug|Any CPU.ActiveCfg = Debug|Any CPU
		{82CAB29D-A908-47A5-BF50-574427613B6D}.Debug|Any CPU.Build.0 = Debug|Any CPU
		{82CAB29D-A908-47A5-BF50-574427613B6D}.Release|Any CPU.ActiveCfg = Release|Any CPU
		{82CAB29D-A908-47A5-BF50-574427613B6D}.Release|Any CPU.Build.0 = Release|Any CPU
		{05A74B8A-8DE9-45F9-9133-74EEDD14EBAE}.Debug|Any CPU.ActiveCfg = Debug|Any CPU
		{05A74B8A-8DE9-45F9-9133-74EEDD14EBAE}.Debug|Any CPU.Build.0 = Debug|Any CPU
		{05A74B8A-8DE9-45F9-9133-74EEDD14EBAE}.Release|Any CPU.ActiveCfg = Release|Any CPU
		{05A74B8A-8DE9-45F9-9133-74EEDD14EBAE}.Release|Any CPU.Build.0 = Release|Any CPU
		{4F2E15A3-3504-4738-9B98-8F801DBF8318}.Debug|Any CPU.ActiveCfg = Debug|Any CPU
		{4F2E15A3-3504-4738-9B98-8F801DBF8318}.Debug|Any CPU.Build.0 = Debug|Any CPU
		{4F2E15A3-3504-4738-9B98-8F801DBF8318}.Release|Any CPU.ActiveCfg = Release|Any CPU
		{4F2E15A3-3504-4738-9B98-8F801DBF8318}.Release|Any CPU.Build.0 = Release|Any CPU
		{4E8333C7-2737-408D-A760-3D647040F6F1}.Debug|Any CPU.ActiveCfg = Debug|Any CPU
		{4E8333C7-2737-408D-A760-3D647040F6F1}.Debug|Any CPU.Build.0 = Debug|Any CPU
		{4E8333C7-2737-408D-A760-3D647040F6F1}.Release|Any CPU.ActiveCfg = Release|Any CPU
		{4E8333C7-2737-408D-A760-3D647040F6F1}.Release|Any CPU.Build.0 = Release|Any CPU
		{AC6843BF-95B1-4899-9378-1C2FB7A68E2D}.Debug|Any CPU.ActiveCfg = Debug|Any CPU
		{AC6843BF-95B1-4899-9378-1C2FB7A68E2D}.Debug|Any CPU.Build.0 = Debug|Any CPU
		{AC6843BF-95B1-4899-9378-1C2FB7A68E2D}.Release|Any CPU.ActiveCfg = Release|Any CPU
		{AC6843BF-95B1-4899-9378-1C2FB7A68E2D}.Release|Any CPU.Build.0 = Release|Any CPU
		{F7CEA1C4-ABE8-4FA2-9B40-9ABC07556FDC}.Debug|Any CPU.ActiveCfg = Debug|Any CPU
		{F7CEA1C4-ABE8-4FA2-9B40-9ABC07556FDC}.Debug|Any CPU.Build.0 = Debug|Any CPU
		{F7CEA1C4-ABE8-4FA2-9B40-9ABC07556FDC}.Release|Any CPU.ActiveCfg = Release|Any CPU
		{F7CEA1C4-ABE8-4FA2-9B40-9ABC07556FDC}.Release|Any CPU.Build.0 = Release|Any CPU
		{BFAFF1CF-8EE8-458F-AF19-6B7B18D14308}.Debug|Any CPU.ActiveCfg = Debug|Any CPU
		{BFAFF1CF-8EE8-458F-AF19-6B7B18D14308}.Debug|Any CPU.Build.0 = Debug|Any CPU
		{BFAFF1CF-8EE8-458F-AF19-6B7B18D14308}.Release|Any CPU.ActiveCfg = Release|Any CPU
		{BFAFF1CF-8EE8-458F-AF19-6B7B18D14308}.Release|Any CPU.Build.0 = Release|Any CPU
	EndGlobalSection
	GlobalSection(SolutionProperties) = preSolution
		HideSolutionNode = FALSE
	EndGlobalSection
	GlobalSection(NestedProjects) = preSolution
		{0F243E86-A894-4B1B-8D04-EF8C535ADA34} = {08C06ECC-C311-45CA-9C0C-386D795E41C3}
		{DC855822-678F-44BC-851A-642C02C1AA2B} = {0F243E86-A894-4B1B-8D04-EF8C535ADA34}
		{FB3B4022-9B70-4132-BBEB-B39FF2D95BEF} = {0F243E86-A894-4B1B-8D04-EF8C535ADA34}
		{23356675-8ACB-495B-8F5B-361D4A1D653A} = {0F243E86-A894-4B1B-8D04-EF8C535ADA34}
		{EF121BD5-90DD-4F77-A8CF-358B095E229C} = {08C06ECC-C311-45CA-9C0C-386D795E41C3}
		{82CAB29D-A908-47A5-BF50-574427613B6D} = {08C06ECC-C311-45CA-9C0C-386D795E41C3}
		{05A74B8A-8DE9-45F9-9133-74EEDD14EBAE} = {08C06ECC-C311-45CA-9C0C-386D795E41C3}
		{4F2E15A3-3504-4738-9B98-8F801DBF8318} = {08C06ECC-C311-45CA-9C0C-386D795E41C3}
		{4E8333C7-2737-408D-A760-3D647040F6F1} = {08C06ECC-C311-45CA-9C0C-386D795E41C3}
		{AC6843BF-95B1-4899-9378-1C2FB7A68E2D} = {08C06ECC-C311-45CA-9C0C-386D795E41C3}
		{66C7F469-32C6-43A8-8E49-1B3297119987} = {08C06ECC-C311-45CA-9C0C-386D795E41C3}
		{F7CEA1C4-ABE8-4FA2-9B40-9ABC07556FDC} = {66C7F469-32C6-43A8-8E49-1B3297119987}
		{BFAFF1CF-8EE8-458F-AF19-6B7B18D14308} = {0F243E86-A894-4B1B-8D04-EF8C535ADA34}
	EndGlobalSection
	GlobalSection(ExtensibilityGlobals) = postSolution
		SolutionGuid = {2B50AE7C-B47F-4DFD-A8A7-9FC7C2915649}
	EndGlobalSection
EndGlobal
